
Microsoft Visual Studio Solution File, Format Version 12.00
# Visual Studio 2013
VisualStudioVersion = 12.0.31101.0
MinimumVisualStudioVersion = 10.0.40219.1
Project("{FAE04EC0-301F-11D3-BF4B-00C04F79EFBC}") = "Iteration1", "Iteration1\Iteration1.csproj", "{A0142B25-4F27-46E1-97BE-871786491D12}"
EndProject
Project("{FAE04EC0-301F-11D3-BF4B-00C04F79EFBC}") = "Iteration2", "Iteration2\Iteration2.csproj", "{3A62E287-CE05-4ED5-8AE1-369B7020D15E}"
EndProject
Project("{FAE04EC0-301F-11D3-BF4B-00C04F79EFBC}") = "Iteration3", "Iteration3\Iteration3.csproj", "{33DD3F42-D75F-4238-8CD7-9376B65117EC}"
EndProject
Project("{FAE04EC0-301F-11D3-BF4B-00C04F79EFBC}") = "Iteration4", "Iteration4\Iteration4.csproj", "{D8EEADFA-24F8-46DF-880F-A8F1B3797C66}"
EndProject
Global
	GlobalSection(SolutionConfigurationPlatforms) = preSolution
		Debug|Any CPU = Debug|Any CPU
		Release|Any CPU = Release|Any CPU
	EndGlobalSection
	GlobalSection(ProjectConfigurationPlatforms) = postSolution
		{A0142B25-4F27-46E1-97BE-871786491D12}.Debug|Any CPU.ActiveCfg = Debug|Any CPU
		{A0142B25-4F27-46E1-97BE-871786491D12}.Debug|Any CPU.Build.0 = Debug|Any CPU
		{A0142B25-4F27-46E1-97BE-871786491D12}.Release|Any CPU.ActiveCfg = Release|Any CPU
		{A0142B25-4F27-46E1-97BE-871786491D12}.Release|Any CPU.Build.0 = Release|Any CPU
		{3A62E287-CE05-4ED5-8AE1-369B7020D15E}.Debug|Any CPU.ActiveCfg = Debug|Any CPU
		{3A62E287-CE05-4ED5-8AE1-369B7020D15E}.Debug|Any CPU.Build.0 = Debug|Any CPU
		{3A62E287-CE05-4ED5-8AE1-369B7020D15E}.Release|Any CPU.ActiveCfg = Release|Any CPU
		{3A62E287-CE05-4ED5-8AE1-369B7020D15E}.Release|Any CPU.Build.0 = Release|Any CPU
		{33DD3F42-D75F-4238-8CD7-9376B65117EC}.Debug|Any CPU.ActiveCfg = Debug|Any CPU
		{33DD3F42-D75F-4238-8CD7-9376B65117EC}.Debug|Any CPU.Build.0 = Debug|Any CPU
		{33DD3F42-D75F-4238-8CD7-9376B65117EC}.Release|Any CPU.ActiveCfg = Release|Any CPU
		{33DD3F42-D75F-4238-8CD7-9376B65117EC}.Release|Any CPU.Build.0 = Release|Any CPU
		{D8EEADFA-24F8-46DF-880F-A8F1B3797C66}.Debug|Any CPU.ActiveCfg = Debug|Any CPU
		{D8EEADFA-24F8-46DF-880F-A8F1B3797C66}.Debug|Any CPU.Build.0 = Debug|Any CPU
		{D8EEADFA-24F8-46DF-880F-A8F1B3797C66}.Release|Any CPU.ActiveCfg = Release|Any CPU
		{D8EEADFA-24F8-46DF-880F-A8F1B3797C66}.Release|Any CPU.Build.0 = Release|Any CPU
	EndGlobalSection
	GlobalSection(SolutionProperties) = preSolution
		HideSolutionNode = FALSE
	EndGlobalSection
EndGlobal
